// !$*UTF8*$!
{
	archiveVersion = 1;
	classes = {
	};
	objectVersion = 56;
	objects = {

/* Begin PBXBuildFile section */
		823785FF2A3E56AA00E0D275 /* bullsCowsApp.swift in Sources */ = {isa = PBXBuildFile; fileRef = 823785FE2A3E56AA00E0D275 /* bullsCowsApp.swift */; };
		823786012A3E56AA00E0D275 /* ContentView.swift in Sources */ = {isa = PBXBuildFile; fileRef = 823786002A3E56AA00E0D275 /* ContentView.swift */; };
		823786032A3E56AC00E0D275 /* Assets.xcassets in Resources */ = {isa = PBXBuildFile; fileRef = 823786022A3E56AC00E0D275 /* Assets.xcassets */; };
		823786062A3E56AC00E0D275 /* Preview Assets.xcassets in Resources */ = {isa = PBXBuildFile; fileRef = 823786052A3E56AC00E0D275 /* Preview Assets.xcassets */; };
		823786102A3E56AC00E0D275 /* bullsCowsTests.swift in Sources */ = {isa = PBXBuildFile; fileRef = 8237860F2A3E56AC00E0D275 /* bullsCowsTests.swift */; };
		8237861A2A3E56AC00E0D275 /* bullsCowsUITests.swift in Sources */ = {isa = PBXBuildFile; fileRef = 823786192A3E56AC00E0D275 /* bullsCowsUITests.swift */; };
		8237861C2A3E56AC00E0D275 /* bullsCowsUITestsLaunchTests.swift in Sources */ = {isa = PBXBuildFile; fileRef = 8237861B2A3E56AC00E0D275 /* bullsCowsUITestsLaunchTests.swift */; };
		82A1C2992A3F3C7500C1D95D /* Logic.swift in Sources */ = {isa = PBXBuildFile; fileRef = 82A1C2982A3F3C7500C1D95D /* Logic.swift */; };
/* End PBXBuildFile section */

/* Begin PBXContainerItemProxy section */
		8237860C2A3E56AC00E0D275 /* PBXContainerItemProxy */ = {
			isa = PBXContainerItemProxy;
			containerPortal = 823785F32A3E56AA00E0D275 /* Project object */;
			proxyType = 1;
			remoteGlobalIDString = 823785FA2A3E56AA00E0D275;
			remoteInfo = bullsCows;
		};
		823786162A3E56AC00E0D275 /* PBXContainerItemProxy */ = {
			isa = PBXContainerItemProxy;
			containerPortal = 823785F32A3E56AA00E0D275 /* Project object */;
			proxyType = 1;
			remoteGlobalIDString = 823785FA2A3E56AA00E0D275;
			remoteInfo = bullsCows;
		};
/* End PBXContainerItemProxy section */

/* Begin PBXFileReference section */
		823785FB2A3E56AA00E0D275 /* bullsCows.app */ = {isa = PBXFileReference; explicitFileType = wrapper.application; includeInIndex = 0; path = bullsCows.app; sourceTree = BUILT_PRODUCTS_DIR; };
		823785FE2A3E56AA00E0D275 /* bullsCowsApp.swift */ = {isa = PBXFileReference; lastKnownFileType = sourcecode.swift; path = bullsCowsApp.swift; sourceTree = "<group>"; };
		823786002A3E56AA00E0D275 /* ContentView.swift */ = {isa = PBXFileReference; lastKnownFileType = sourcecode.swift; path = ContentView.swift; sourceTree = "<group>"; };
		823786022A3E56AC00E0D275 /* Assets.xcassets */ = {isa = PBXFileReference; lastKnownFileType = folder.assetcatalog; path = Assets.xcassets; sourceTree = "<group>"; };
		823786052A3E56AC00E0D275 /* Preview Assets.xcassets */ = {isa = PBXFileReference; lastKnownFileType = folder.assetcatalog; path = "Preview Assets.xcassets"; sourceTree = "<group>"; };
		8237860B2A3E56AC00E0D275 /* bullsCowsTests.xctest */ = {isa = PBXFileReference; explicitFileType = wrapper.cfbundle; includeInIndex = 0; path = bullsCowsTests.xctest; sourceTree = BUILT_PRODUCTS_DIR; };
		8237860F2A3E56AC00E0D275 /* bullsCowsTests.swift */ = {isa = PBXFileReference; lastKnownFileType = sourcecode.swift; path = bullsCowsTests.swift; sourceTree = "<group>"; };
		823786152A3E56AC00E0D275 /* bullsCowsUITests.xctest */ = {isa = PBXFileReference; explicitFileType = wrapper.cfbundle; includeInIndex = 0; path = bullsCowsUITests.xctest; sourceTree = BUILT_PRODUCTS_DIR; };
		823786192A3E56AC00E0D275 /* bullsCowsUITests.swift */ = {isa = PBXFileReference; lastKnownFileType = sourcecode.swift; path = bullsCowsUITests.swift; sourceTree = "<group>"; };
		8237861B2A3E56AC00E0D275 /* bullsCowsUITestsLaunchTests.swift */ = {isa = PBXFileReference; lastKnownFileType = sourcecode.swift; path = bullsCowsUITestsLaunchTests.swift; sourceTree = "<group>"; };
		82A1C2982A3F3C7500C1D95D /* Logic.swift */ = {isa = PBXFileReference; lastKnownFileType = sourcecode.swift; path = Logic.swift; sourceTree = "<group>"; };
/* End PBXFileReference section */

/* Begin PBXFrameworksBuildPhase section */
		823785F82A3E56AA00E0D275 /* Frameworks */ = {
			isa = PBXFrameworksBuildPhase;
			buildActionMask = 2147483647;
			files = (
			);
			runOnlyForDeploymentPostprocessing = 0;
		};
		823786082A3E56AC00E0D275 /* Frameworks */ = {
			isa = PBXFrameworksBuildPhase;
			buildActionMask = 2147483647;
			files = (
			);
			runOnlyForDeploymentPostprocessing = 0;
		};
		823786122A3E56AC00E0D275 /* Frameworks */ = {
			isa = PBXFrameworksBuildPhase;
			buildActionMask = 2147483647;
			files = (
			);
			runOnlyForDeploymentPostprocessing = 0;
		};
/* End PBXFrameworksBuildPhase section */

/* Begin PBXGroup section */
		823785F22A3E56AA00E0D275 = {
			isa = PBXGroup;
			children = (
				823785FD2A3E56AA00E0D275 /* bullsCows */,
				8237860E2A3E56AC00E0D275 /* bullsCowsTests */,
				823786182A3E56AC00E0D275 /* bullsCowsUITests */,
				823785FC2A3E56AA00E0D275 /* Products */,
			);
			sourceTree = "<group>";
		};
		823785FC2A3E56AA00E0D275 /* Products */ = {
			isa = PBXGroup;
			children = (
				823785FB2A3E56AA00E0D275 /* bullsCows.app */,
				8237860B2A3E56AC00E0D275 /* bullsCowsTests.xctest */,
				823786152A3E56AC00E0D275 /* bullsCowsUITests.xctest */,
			);
			name = Products;
			sourceTree = "<group>";
		};
		823785FD2A3E56AA00E0D275 /* bullsCows */ = {
			isa = PBXGroup;
			children = (
				823785FE2A3E56AA00E0D275 /* bullsCowsApp.swift */,
				823786002A3E56AA00E0D275 /* ContentView.swift */,
				82A1C2982A3F3C7500C1D95D /* Logic.swift */,
				823786022A3E56AC00E0D275 /* Assets.xcassets */,
				823786042A3E56AC00E0D275 /* Preview Content */,
			);
			path = bullsCows;
			sourceTree = "<group>";
		};
		823786042A3E56AC00E0D275 /* Preview Content */ = {
			isa = PBXGroup;
			children = (
				823786052A3E56AC00E0D275 /* Preview Assets.xcassets */,
			);
			path = "Preview Content";
			sourceTree = "<group>";
		};
		8237860E2A3E56AC00E0D275 /* bullsCowsTests */ = {
			isa = PBXGroup;
			children = (
				8237860F2A3E56AC00E0D275 /* bullsCowsTests.swift */,
			);
			path = bullsCowsTests;
			sourceTree = "<group>";
		};
		823786182A3E56AC00E0D275 /* bullsCowsUITests */ = {
			isa = PBXGroup;
			children = (
				823786192A3E56AC00E0D275 /* bullsCowsUITests.swift */,
				8237861B2A3E56AC00E0D275 /* bullsCowsUITestsLaunchTests.swift */,
			);
			path = bullsCowsUITests;
			sourceTree = "<group>";
		};
/* End PBXGroup section */

/* Begin PBXNativeTarget section */
		823785FA2A3E56AA00E0D275 /* bullsCows */ = {
			isa = PBXNativeTarget;
			buildConfigurationList = 8237861F2A3E56AC00E0D275 /* Build configuration list for PBXNativeTarget "bullsCows" */;
			buildPhases = (
				823785F72A3E56AA00E0D275 /* Sources */,
				823785F82A3E56AA00E0D275 /* Frameworks */,
				823785F92A3E56AA00E0D275 /* Resources */,
			);
			buildRules = (
			);
			dependencies = (
			);
			name = bullsCows;
			productName = bullsCows;
			productReference = 823785FB2A3E56AA00E0D275 /* bullsCows.app */;
			productType = "com.apple.product-type.application";
		};
		8237860A2A3E56AC00E0D275 /* bullsCowsTests */ = {
			isa = PBXNativeTarget;
			buildConfigurationList = 823786222A3E56AC00E0D275 /* Build configuration list for PBXNativeTarget "bullsCowsTests" */;
			buildPhases = (
				823786072A3E56AC00E0D275 /* Sources */,
				823786082A3E56AC00E0D275 /* Frameworks */,
				823786092A3E56AC00E0D275 /* Resources */,
			);
			buildRules = (
			);
			dependencies = (
				8237860D2A3E56AC00E0D275 /* PBXTargetDependency */,
			);
			name = bullsCowsTests;
			productName = bullsCowsTests;
			productReference = 8237860B2A3E56AC00E0D275 /* bullsCowsTests.xctest */;
			productType = "com.apple.product-type.bundle.unit-test";
		};
		823786142A3E56AC00E0D275 /* bullsCowsUITests */ = {
			isa = PBXNativeTarget;
			buildConfigurationList = 823786252A3E56AC00E0D275 /* Build configuration list for PBXNativeTarget "bullsCowsUITests" */;
			buildPhases = (
				823786112A3E56AC00E0D275 /* Sources */,
				823786122A3E56AC00E0D275 /* Frameworks */,
				823786132A3E56AC00E0D275 /* Resources */,
			);
			buildRules = (
			);
			dependencies = (
				823786172A3E56AC00E0D275 /* PBXTargetDependency */,
			);
			name = bullsCowsUITests;
			productName = bullsCowsUITests;
			productReference = 823786152A3E56AC00E0D275 /* bullsCowsUITests.xctest */;
			productType = "com.apple.product-type.bundle.ui-testing";
		};
/* End PBXNativeTarget section */

/* Begin PBXProject section */
		823785F32A3E56AA00E0D275 /* Project object */ = {
			isa = PBXProject;
			attributes = {
				BuildIndependentTargetsInParallel = 1;
				LastSwiftUpdateCheck = 1400;
				LastUpgradeCheck = 1400;
				TargetAttributes = {
					823785FA2A3E56AA00E0D275 = {
						CreatedOnToolsVersion = 14.0.1;
					};
					8237860A2A3E56AC00E0D275 = {
						CreatedOnToolsVersion = 14.0.1;
						TestTargetID = 823785FA2A3E56AA00E0D275;
					};
					823786142A3E56AC00E0D275 = {
						CreatedOnToolsVersion = 14.0.1;
						TestTargetID = 823785FA2A3E56AA00E0D275;
					};
				};
			};
			buildConfigurationList = 823785F62A3E56AA00E0D275 /* Build configuration list for PBXProject "bullsCows" */;
			compatibilityVersion = "Xcode 14.0";
			developmentRegion = en;
			hasScannedForEncodings = 0;
			knownRegions = (
				en,
				Base,
			);
			mainGroup = 823785F22A3E56AA00E0D275;
			productRefGroup = 823785FC2A3E56AA00E0D275 /* Products */;
			projectDirPath = "";
			projectRoot = "";
			targets = (
				823785FA2A3E56AA00E0D275 /* bullsCows */,
				8237860A2A3E56AC00E0D275 /* bullsCowsTests */,
				823786142A3E56AC00E0D275 /* bullsCowsUITests */,
			);
		};
/* End PBXProject section */

/* Begin PBXResourcesBuildPhase section */
		823785F92A3E56AA00E0D275 /* Resources */ = {
			isa = PBXResourcesBuildPhase;
			buildActionMask = 2147483647;
			files = (
				823786062A3E56AC00E0D275 /* Preview Assets.xcassets in Resources */,
				823786032A3E56AC00E0D275 /* Assets.xcassets in Resources */,
			);
			runOnlyForDeploymentPostprocessing = 0;
		};
		823786092A3E56AC00E0D275 /* Resources */ = {
			isa = PBXResourcesBuildPhase;
			buildActionMask = 2147483647;
			files = (
			);
			runOnlyForDeploymentPostprocessing = 0;
		};
		823786132A3E56AC00E0D275 /* Resources */ = {
			isa = PBXResourcesBuildPhase;
			buildActionMask = 2147483647;
			files = (
			);
			runOnlyForDeploymentPostprocessing = 0;
		};
/* End PBXResourcesBuildPhase section */

/* Begin PBXSourcesBuildPhase section */
		823785F72A3E56AA00E0D275 /* Sources */ = {
			isa = PBXSourcesBuildPhase;
			buildActionMask = 2147483647;
			files = (
				823786012A3E56AA00E0D275 /* ContentView.swift in Sources */,
				82A1C2992A3F3C7500C1D95D /* Logic.swift in Sources */,
				823785FF2A3E56AA00E0D275 /* bullsCowsApp.swift in Sources */,
			);
			runOnlyForDeploymentPostprocessing = 0;
		};
		823786072A3E56AC00E0D275 /* Sources */ = {
			isa = PBXSourcesBuildPhase;
			buildActionMask = 2147483647;
			files = (
				823786102A3E56AC00E0D275 /* bullsCowsTests.swift in Sources */,
			);
			runOnlyForDeploymentPostprocessing = 0;
		};
		823786112A3E56AC00E0D275 /* Sources */ = {
			isa = PBXSourcesBuildPhase;
			buildActionMask = 2147483647;
			files = (
				8237861A2A3E56AC00E0D275 /* bullsCowsUITests.swift in Sources */,
				8237861C2A3E56AC00E0D275 /* bullsCowsUITestsLaunchTests.swift in Sources */,
			);
			runOnlyForDeploymentPostprocessing = 0;
		};
/* End PBXSourcesBuildPhase section */

/* Begin PBXTargetDependency section */
		8237860D2A3E56AC00E0D275 /* PBXTargetDependency */ = {
			isa = PBXTargetDependency;
			target = 823785FA2A3E56AA00E0D275 /* bullsCows */;
			targetProxy = 8237860C2A3E56AC00E0D275 /* PBXContainerItemProxy */;
		};
		823786172A3E56AC00E0D275 /* PBXTargetDependency */ = {
			isa = PBXTargetDependency;
			target = 823785FA2A3E56AA00E0D275 /* bullsCows */;
			targetProxy = 823786162A3E56AC00E0D275 /* PBXContainerItemProxy */;
		};
/* End PBXTargetDependency section */

/* Begin XCBuildConfiguration section */
		8237861D2A3E56AC00E0D275 /* Debug */ = {
			isa = XCBuildConfiguration;
			buildSettings = {
				ALWAYS_SEARCH_USER_PATHS = NO;
				CLANG_ANALYZER_NONNULL = YES;
				CLANG_ANALYZER_NUMBER_OBJECT_CONVERSION = YES_AGGRESSIVE;
				CLANG_CXX_LANGUAGE_STANDARD = "gnu++20";
				CLANG_ENABLE_MODULES = YES;
				CLANG_ENABLE_OBJC_ARC = YES;
				CLANG_ENABLE_OBJC_WEAK = YES;
				CLANG_WARN_BLOCK_CAPTURE_AUTORELEASING = YES;
				CLANG_WARN_BOOL_CONVERSION = YES;
				CLANG_WARN_COMMA = YES;
				CLANG_WARN_CONSTANT_CONVERSION = YES;
				CLANG_WARN_DEPRECATED_OBJC_IMPLEMENTATIONS = YES;
				CLANG_WARN_DIRECT_OBJC_ISA_USAGE = YES_ERROR;
				CLANG_WARN_DOCUMENTATION_COMMENTS = YES;
				CLANG_WARN_EMPTY_BODY = YES;
				CLANG_WARN_ENUM_CONVERSION = YES;
				CLANG_WARN_INFINITE_RECURSION = YES;
				CLANG_WARN_INT_CONVERSION = YES;
				CLANG_WARN_NON_LITERAL_NULL_CONVERSION = YES;
				CLANG_WARN_OBJC_IMPLICIT_RETAIN_SELF = YES;
				CLANG_WARN_OBJC_LITERAL_CONVERSION = YES;
				CLANG_WARN_OBJC_ROOT_CLASS = YES_ERROR;
				CLANG_WARN_QUOTED_INCLUDE_IN_FRAMEWORK_HEADER = YES;
				CLANG_WARN_RANGE_LOOP_ANALYSIS = YES;
				CLANG_WARN_STRICT_PROTOTYPES = YES;
				CLANG_WARN_SUSPICIOUS_MOVE = YES;
				CLANG_WARN_UNGUARDED_AVAILABILITY = YES_AGGRESSIVE;
				CLANG_WARN_UNREACHABLE_CODE = YES;
				CLANG_WARN__DUPLICATE_METHOD_MATCH = YES;
				COPY_PHASE_STRIP = NO;
				DEBUG_INFORMATION_FORMAT = dwarf;
				ENABLE_STRICT_OBJC_MSGSEND = YES;
				ENABLE_TESTABILITY = YES;
				GCC_C_LANGUAGE_STANDARD = gnu11;
				GCC_DYNAMIC_NO_PIC = NO;
				GCC_NO_COMMON_BLOCKS = YES;
				GCC_OPTIMIZATION_LEVEL = 0;
				GCC_PREPROCESSOR_DEFINITIONS = (
					"DEBUG=1",
					"$(inherited)",
				);
				GCC_WARN_64_TO_32_BIT_CONVERSION = YES;
				GCC_WARN_ABOUT_RETURN_TYPE = YES_ERROR;
				GCC_WARN_UNDECLARED_SELECTOR = YES;
				GCC_WARN_UNINITIALIZED_AUTOS = YES_AGGRESSIVE;
				GCC_WARN_UNUSED_FUNCTION = YES;
				GCC_WARN_UNUSED_VARIABLE = YES;
				IPHONEOS_DEPLOYMENT_TARGET = 16.0;
				MTL_ENABLE_DEBUG_INFO = INCLUDE_SOURCE;
				MTL_FAST_MATH = YES;
				ONLY_ACTIVE_ARCH = YES;
				SDKROOT = iphoneos;
				SWIFT_ACTIVE_COMPILATION_CONDITIONS = DEBUG;
				SWIFT_OPTIMIZATION_LEVEL = "-Onone";
			};
			name = Debug;
		};
		8237861E2A3E56AC00E0D275 /* Release */ = {
			isa = XCBuildConfiguration;
			buildSettings = {
				ALWAYS_SEARCH_USER_PATHS = NO;
				CLANG_ANALYZER_NONNULL = YES;
				CLANG_ANALYZER_NUMBER_OBJECT_CONVERSION = YES_AGGRESSIVE;
				CLANG_CXX_LANGUAGE_STANDARD = "gnu++20";
				CLANG_ENABLE_MODULES = YES;
				CLANG_ENABLE_OBJC_ARC = YES;
				CLANG_ENABLE_OBJC_WEAK = YES;
				CLANG_WARN_BLOCK_CAPTURE_AUTORELEASING = YES;
				CLANG_WARN_BOOL_CONVERSION = YES;
				CLANG_WARN_COMMA = YES;
				CLANG_WARN_CONSTANT_CONVERSION = YES;
				CLANG_WARN_DEPRECATED_OBJC_IMPLEMENTATIONS = YES;
				CLANG_WARN_DIRECT_OBJC_ISA_USAGE = YES_ERROR;
				CLANG_WARN_DOCUMENTATION_COMMENTS = YES;
				CLANG_WARN_EMPTY_BODY = YES;
				CLANG_WARN_ENUM_CONVERSION = YES;
				CLANG_WARN_INFINITE_RECURSION = YES;
				CLANG_WARN_INT_CONVERSION = YES;
				CLANG_WARN_NON_LITERAL_NULL_CONVERSION = YES;
				CLANG_WARN_OBJC_IMPLICIT_RETAIN_SELF = YES;
				CLANG_WARN_OBJC_LITERAL_CONVERSION = YES;
				CLANG_WARN_OBJC_ROOT_CLASS = YES_ERROR;
				CLANG_WARN_QUOTED_INCLUDE_IN_FRAMEWORK_HEADER = YES;
				CLANG_WARN_RANGE_LOOP_ANALYSIS = YES;
				CLANG_WARN_STRICT_PROTOTYPES = YES;
				CLANG_WARN_SUSPICIOUS_MOVE = YES;
				CLANG_WARN_UNGUARDED_AVAILABILITY = YES_AGGRESSIVE;
				CLANG_WARN_UNREACHABLE_CODE = YES;
				CLANG_WARN__DUPLICATE_METHOD_MATCH = YES;
				COPY_PHASE_STRIP = NO;
				DEBUG_INFORMATION_FORMAT = "dwarf-with-dsym";
				ENABLE_NS_ASSERTIONS = NO;
				ENABLE_STRICT_OBJC_MSGSEND = YES;
				GCC_C_LANGUAGE_STANDARD = gnu11;
				GCC_NO_COMMON_BLOCKS = YES;
				GCC_WARN_64_TO_32_BIT_CONVERSION = YES;
				GCC_WARN_ABOUT_RETURN_TYPE = YES_ERROR;
				GCC_WARN_UNDECLARED_SELECTOR = YES;
				GCC_WARN_UNINITIALIZED_AUTOS = YES_AGGRESSIVE;
				GCC_WARN_UNUSED_FUNCTION = YES;
				GCC_WARN_UNUSED_VARIABLE = YES;
				IPHONEOS_DEPLOYMENT_TARGET = 16.0;
				MTL_ENABLE_DEBUG_INFO = NO;
				MTL_FAST_MATH = YES;
				SDKROOT = iphoneos;
				SWIFT_COMPILATION_MODE = wholemodule;
				SWIFT_OPTIMIZATION_LEVEL = "-O";
				VALIDATE_PRODUCT = YES;
			};
			name = Release;
		};
		823786202A3E56AC00E0D275 /* Debug */ = {
			isa = XCBuildConfiguration;
			buildSettings = {
				ASSETCATALOG_COMPILER_APPICON_NAME = AppIcon;
				ASSETCATALOG_COMPILER_GLOBAL_ACCENT_COLOR_NAME = AccentColor;
				CODE_SIGN_STYLE = Automatic;
				CURRENT_PROJECT_VERSION = 1;
				DEVELOPMENT_ASSET_PATHS = "\"bullsCows/Preview Content\"";
				DEVELOPMENT_TEAM = TGD6Z8TH3U;
				ENABLE_PREVIEWS = YES;
				GENERATE_INFOPLIST_FILE = YES;
				INFOPLIST_KEY_UIApplicationSceneManifest_Generation = YES;
				INFOPLIST_KEY_UIApplicationSupportsIndirectInputEvents = YES;
				INFOPLIST_KEY_UILaunchScreen_Generation = YES;
				INFOPLIST_KEY_UISupportedInterfaceOrientations_iPad = "UIInterfaceOrientationPortrait UIInterfaceOrientationPortraitUpsideDown UIInterfaceOrientationLandscapeLeft UIInterfaceOrientationLandscapeRight";
				INFOPLIST_KEY_UISupportedInterfaceOrientations_iPhone = "UIInterfaceOrientationPortrait UIInterfaceOrientationLandscapeLeft UIInterfaceOrientationLandscapeRight";
				LD_RUNPATH_SEARCH_PATHS = (
					"$(inherited)",
					"@executable_path/Frameworks",
				);
				MARKETING_VERSION = 1.0;
				PRODUCT_BUNDLE_IDENTIFIER = engylizium.bullsCows;
				PRODUCT_NAME = "$(TARGET_NAME)";
				SWIFT_EMIT_LOC_STRINGS = YES;
				SWIFT_VERSION = 5.0;
				TARGETED_DEVICE_FAMILY = "1,2";
			};
			name = Debug;
		};
		823786212A3E56AC00E0D275 /* Release */ = {
			isa = XCBuildConfiguration;
			buildSettings = {
				ASSETCATALOG_COMPILER_APPICON_NAME = AppIcon;
				ASSETCATALOG_COMPILER_GLOBAL_ACCENT_COLOR_NAME = AccentColor;
				CODE_SIGN_STYLE = Automatic;
				CURRENT_PROJECT_VERSION = 1;
				DEVELOPMENT_ASSET_PATHS = "\"bullsCows/Preview Content\"";
				DEVELOPMENT_TEAM = TGD6Z8TH3U;
				ENABLE_PREVIEWS = YES;
				GENERATE_INFOPLIST_FILE = YES;
				INFOPLIST_KEY_UIApplicationSceneManifest_Generation = YES;
				INFOPLIST_KEY_UIApplicationSupportsIndirectInputEvents = YES;
				INFOPLIST_KEY_UILaunchScreen_Generation = YES;
				INFOPLIST_KEY_UISupportedInterfaceOrientations_iPad = "UIInterfaceOrientationPortrait UIInterfaceOrientationPortraitUpsideDown UIInterfaceOrientationLandscapeLeft UIInterfaceOrientationLandscapeRight";
				INFOPLIST_KEY_UISupportedInterfaceOrientations_iPhone = "UIInterfaceOrientationPortrait UIInterfaceOrientationLandscapeLeft UIInterfaceOrientationLandscapeRight";
				LD_RUNPATH_SEARCH_PATHS = (
					"$(inherited)",
					"@executable_path/Frameworks",
				);
				MARKETING_VERSION = 1.0;
				PRODUCT_BUNDLE_IDENTIFIER = engylizium.bullsCows;
				PRODUCT_NAME = "$(TARGET_NAME)";
				SWIFT_EMIT_LOC_STRINGS = YES;
				SWIFT_VERSION = 5.0;
				TARGETED_DEVICE_FAMILY = "1,2";
			};
			name = Release;
		};
		823786232A3E56AC00E0D275 /* Debug */ = {
			isa = XCBuildConfiguration;
			buildSettings = {
				ALWAYS_EMBED_SWIFT_STANDARD_LIBRARIES = YES;
				BUNDLE_LOADER = "$(TEST_HOST)";
				CODE_SIGN_STYLE = Automatic;
				CURRENT_PROJECT_VERSION = 1;
				DEVELOPMENT_TEAM = TGD6Z8TH3U;
				GENERATE_INFOPLIST_FILE = YES;
				IPHONEOS_DEPLOYMENT_TARGET = 16.0;
				MARKETING_VERSION = 1.0;
				PRODUCT_BUNDLE_IDENTIFIER = engylizium.bullsCowsTests;
				PRODUCT_NAME = "$(TARGET_NAME)";
				SWIFT_EMIT_LOC_STRINGS = NO;
				SWIFT_VERSION = 5.0;
				TARGETED_DEVICE_FAMILY = "1,2";
				TEST_HOST = "$(BUILT_PRODUCTS_DIR)/bullsCows.app/$(BUNDLE_EXECUTABLE_FOLDER_PATH)/bullsCows";
			};
			name = Debug;
		};
		823786242A3E56AC00E0D275 /* Release */ = {
			isa = XCBuildConfiguration;
			buildSettings = {
				ALWAYS_EMBED_SWIFT_STANDARD_LIBRARIES = YES;
				BUNDLE_LOADER = "$(TEST_HOST)";
				CODE_SIGN_STYLE = Automatic;
				CURRENT_PROJECT_VERSION = 1;
				DEVELOPMENT_TEAM = TGD6Z8TH3U;
				GENERATE_INFOPLIST_FILE = YES;
				IPHONEOS_DEPLOYMENT_TARGET = 16.0;
				MARKETING_VERSION = 1.0;
				PRODUCT_BUNDLE_IDENTIFIER = engylizium.bullsCowsTests;
				PRODUCT_NAME = "$(TARGET_NAME)";
				SWIFT_EMIT_LOC_STRINGS = NO;
				SWIFT_VERSION = 5.0;
				TARGETED_DEVICE_FAMILY = "1,2";
				TEST_HOST = "$(BUILT_PRODUCTS_DIR)/bullsCows.app/$(BUNDLE_EXECUTABLE_FOLDER_PATH)/bullsCows";
			};
			name = Release;
		};
		823786262A3E56AC00E0D275 /* Debug */ = {
			isa = XCBuildConfiguration;
			buildSettings = {
				ALWAYS_EMBED_SWIFT_STANDARD_LIBRARIES = YES;
				CODE_SIGN_STYLE = Automatic;
				CURRENT_PROJECT_VERSION = 1;
				DEVELOPMENT_TEAM = TGD6Z8TH3U;
				GENERATE_INFOPLIST_FILE = YES;
				MARKETING_VERSION = 1.0;
				PRODUCT_BUNDLE_IDENTIFIER = engylizium.bullsCowsUITests;
				PRODUCT_NAME = "$(TARGET_NAME)";
				SWIFT_EMIT_LOC_STRINGS = NO;
				SWIFT_VERSION = 5.0;
				TARGETED_DEVICE_FAMILY = "1,2";
				TEST_TARGET_NAME = bullsCows;
			};
			name = Debug;
		};
		823786272A3E56AC00E0D275 /* Release */ = {
			isa = XCBuildConfiguration;
			buildSettings = {
				ALWAYS_EMBED_SWIFT_STANDARD_LIBRARIES = YES;
				CODE_SIGN_STYLE = Automatic;
				CURRENT_PROJECT_VERSION = 1;
				DEVELOPMENT_TEAM = TGD6Z8TH3U;
				GENERATE_INFOPLIST_FILE = YES;
				MARKETING_VERSION = 1.0;
				PRODUCT_BUNDLE_IDENTIFIER = engylizium.bullsCowsUITests;
				PRODUCT_NAME = "$(TARGET_NAME)";
				SWIFT_EMIT_LOC_STRINGS = NO;
				SWIFT_VERSION = 5.0;
				TARGETED_DEVICE_FAMILY = "1,2";
				TEST_TARGET_NAME = bullsCows;
			};
			name = Release;
		};
/* End XCBuildConfiguration section */

/* Begin XCConfigurationList section */
		823785F62A3E56AA00E0D275 /* Build configuration list for PBXProject "bullsCows" */ = {
			isa = XCConfigurationList;
			buildConfigurations = (
				8237861D2A3E56AC00E0D275 /* Debug */,
				8237861E2A3E56AC00E0D275 /* Release */,
			);
			defaultConfigurationIsVisible = 0;
			defaultConfigurationName = Release;
		};
		8237861F2A3E56AC00E0D275 /* Build configuration list for PBXNativeTarget "bullsCows" */ = {
			isa = XCConfigurationList;
			buildConfigurations = (
				823786202A3E56AC00E0D275 /* Debug */,
				823786212A3E56AC00E0D275 /* Release */,
			);
			defaultConfigurationIsVisible = 0;
			defaultConfigurationName = Release;
		};
		823786222A3E56AC00E0D275 /* Build configuration list for PBXNativeTarget "bullsCowsTests" */ = {
			isa = XCConfigurationList;
			buildConfigurations = (
				823786232A3E56AC00E0D275 /* Debug */,
				823786242A3E56AC00E0D275 /* Release */,
			);
			defaultConfigurationIsVisible = 0;
			defaultConfigurationName = Release;
		};
		823786252A3E56AC00E0D275 /* Build configuration list for PBXNativeTarget "bullsCowsUITests" */ = {
			isa = XCConfigurationList;
			buildConfigurations = (
				823786262A3E56AC00E0D275 /* Debug */,
				823786272A3E56AC00E0D275 /* Release */,
			);
			defaultConfigurationIsVisible = 0;
			defaultConfigurationName = Release;
		};
/* End XCConfigurationList section */
	};
	rootObject = 823785F32A3E56AA00E0D275 /* Project object */;
}
